
Microsoft Visual Studio Solution File, Format Version 12.00
# Visual Studio 15
VisualStudioVersion = 15.0.28307.779
MinimumVisualStudioVersion = 10.0.40219.1
Project("{8BC9CEB8-8B4A-11D0-8D11-00A0C91BC942}") = "ConsoleCaro", "ConsoleCaro\ConsoleCaro.vcxproj", "{FE209522-C547-4048-9A2C-4DE241C8EA35}"
EndProject
Global
	GlobalSection(SolutionConfigurationPlatforms) = preSolution
		Debug|x64 = Debug|x64
		Debug|x86 = Debug|x86
		Release|x64 = Release|x64
		Release|x86 = Release|x86
	EndGlobalSection
	GlobalSection(ProjectConfigurationPlatforms) = postSolution
		{FE209522-C547-4048-9A2C-4DE241C8EA35}.Debug|x64.ActiveCfg = Debug|x64
		{FE209522-C547-4048-9A2C-4DE241C8EA35}.Debug|x64.Build.0 = Debug|x64
		{FE209522-C547-4048-9A2C-4DE241C8EA35}.Debug|x86.ActiveCfg = Debug|Win32
		{FE209522-C547-4048-9A2C-4DE241C8EA35}.Debug|x86.Build.0 = Debug|Win32
		{FE209522-C547-4048-9A2C-4DE241C8EA35}.Release|x64.ActiveCfg = Release|x64
		{FE209522-C547-4048-9A2C-4DE241C8EA35}.Release|x64.Build.0 = Release|x64
		{FE209522-C547-4048-9A2C-4DE241C8EA35}.Release|x86.ActiveCfg = Release|Win32
		{FE209522-C547-4048-9A2C-4DE241C8EA35}.Release|x86.Build.0 = Release|Win32
	EndGlobalSection
	GlobalSection(SolutionProperties) = preSolution
		HideSolutionNode = FALSE
	EndGlobalSection
	GlobalSection(ExtensibilityGlobals) = postSolution
		SolutionGuid = {200ABD50-C787-4211-8999-F820BA5CE534}
	EndGlobalSection
EndGlobal
